{
  "pins" : [
    {
      "identity" : "lottie-ios",
      "kind" : "remoteSourceControl",
      "location" : "git@github.com:airbnb/lottie-ios.git",
      "state" : {
        "revision" : "4e5877425dae5c10792fc9d22d53dc6bf6824dc1",
        "version" : "3.1.8"
      }
    },
    {
      "identity" : "magnetic",
      "kind" : "remoteSourceControl",
      "location" : "git@github.com:efremidze/Magnetic.git",
      "state" : {
        "revision" : "84ab0de02f24041f774b95fb0810a793e6e31899",
        "version" : "3.2.1"
      }
    },
    {
      "identity" : "snapkit",
      "kind" : "remoteSourceControl",
      "location" : "git@github.com:SnapKit/SnapKit.git",
      "state" : {
        "revision" : "d458564516e5676af9c70b4f4b2a9178294f1bc6",
        "version" : "5.0.1"
      }
    }
  ],
  "version" : 2
}
